
Microsoft Visual Studio Solution File, Format Version 12.00
Project("{FAE04EC0-301F-11D3-BF4B-00C04F79EFBC}") = "Galaga-Excercise-1", "Galaga-Excercise-1\Galaga-Excercise-1.csproj", "{9F11A047-F763-4D7D-88C3-87D70B6CE70A}"
EndProject
Project("{FAE04EC0-301F-11D3-BF4B-00C04F79EFBC}") = "Galaga-Exercise-2", "Galaga-Exercise-2\Galaga-Exercise-2.csproj", "{1C0FAFB6-418A-4B9F-AD2D-B4874B09E20D}"
EndProject
Project("{FAE04EC0-301F-11D3-BF4B-00C04F79EFBC}") = "DIKUArcade", "DIKUArcade\DIKUArcade.csproj", "{A1E4E4DF-0967-4096-9E3C-FBC29B7D07DD}"
EndProject
Project("{FAE04EC0-301F-11D3-BF4B-00C04F79EFBC}") = "Galaga-Exercise-3", "Galaga-Exercise-3\Galaga-Exercise-3.csproj", "{3E81B6E1-45B9-44ED-B48E-08B76E6FD1FD}"
EndProject
Project("{FAE04EC0-301F-11D3-BF4B-00C04F79EFBC}") = "Galaga-Testing", "Galaga-Testing\Galaga-Testing.csproj", "{22BB4F62-2837-42C7-BAD8-6E0AFA4BEE59}"
EndProject
Global
	GlobalSection(SolutionConfigurationPlatforms) = preSolution
		Debug|Any CPU = Debug|Any CPU
		Release|Any CPU = Release|Any CPU
	EndGlobalSection
	GlobalSection(ProjectConfigurationPlatforms) = postSolution
		{1C0FAFB6-418A-4B9F-AD2D-B4874B09E20D}.Debug|Any CPU.ActiveCfg = Debug|Any CPU
		{1C0FAFB6-418A-4B9F-AD2D-B4874B09E20D}.Debug|Any CPU.Build.0 = Debug|Any CPU
		{1C0FAFB6-418A-4B9F-AD2D-B4874B09E20D}.Release|Any CPU.ActiveCfg = Release|Any CPU
		{1C0FAFB6-418A-4B9F-AD2D-B4874B09E20D}.Release|Any CPU.Build.0 = Release|Any CPU
		{9F11A047-F763-4D7D-88C3-87D70B6CE70A}.Debug|Any CPU.ActiveCfg = Debug|Any CPU
		{9F11A047-F763-4D7D-88C3-87D70B6CE70A}.Debug|Any CPU.Build.0 = Debug|Any CPU
		{A1E4E4DF-0967-4096-9E3C-FBC29B7D07DD}.Debug|Any CPU.ActiveCfg = Debug|Any CPU
		{A1E4E4DF-0967-4096-9E3C-FBC29B7D07DD}.Debug|Any CPU.Build.0 = Debug|Any CPU
		{A1E4E4DF-0967-4096-9E3C-FBC29B7D07DD}.Release|Any CPU.ActiveCfg = Release|Any CPU
		{A1E4E4DF-0967-4096-9E3C-FBC29B7D07DD}.Release|Any CPU.Build.0 = Release|Any CPU
		{3E81B6E1-45B9-44ED-B48E-08B76E6FD1FD}.Debug|Any CPU.ActiveCfg = Debug|Any CPU
		{3E81B6E1-45B9-44ED-B48E-08B76E6FD1FD}.Debug|Any CPU.Build.0 = Debug|Any CPU
		{3E81B6E1-45B9-44ED-B48E-08B76E6FD1FD}.Release|Any CPU.ActiveCfg = Release|Any CPU
		{3E81B6E1-45B9-44ED-B48E-08B76E6FD1FD}.Release|Any CPU.Build.0 = Release|Any CPU
		{3E81B6E1-45B9-44ED-B48E-08B76E6FD1FD}.Debug|Any CPU.Deploy.0 = Debug|Any CPU
		{22BB4F62-2837-42C7-BAD8-6E0AFA4BEE59}.Debug|Any CPU.ActiveCfg = Debug|Any CPU
		{22BB4F62-2837-42C7-BAD8-6E0AFA4BEE59}.Debug|Any CPU.Build.0 = Debug|Any CPU
		{22BB4F62-2837-42C7-BAD8-6E0AFA4BEE59}.Release|Any CPU.ActiveCfg = Release|Any CPU
		{22BB4F62-2837-42C7-BAD8-6E0AFA4BEE59}.Release|Any CPU.Build.0 = Release|Any CPU
	EndGlobalSection
EndGlobal
