
Microsoft Visual Studio Solution File, Format Version 12.00
Project("{FAE04EC0-301F-11D3-BF4B-00C04F79EFBC}") = "Galaga-Excercise-1", "Galaga-Excercise-1\Galaga-Excercise-1.csproj", "{9F11A047-F763-4D7D-88C3-87D70B6CE70A}"
EndProject
Project("{FAE04EC0-301F-11D3-BF4B-00C04F79EFBC}") = "DIKUArcade", "DIKUArcade\DIKUArcade.csproj", "{A1E4E4DF-0967-4096-9E3C-FBC29B7D07DD}"
EndProject
Project("{FAE04EC0-301F-11D3-BF4B-00C04F79EFBC}") = "Galaga-Excercise-2", "Galaga-Exercise-2\Galaga-Excercise-2.csproj", "{9F11A047-F763-4D7D-88C3-87D70B6CE70A}"
EndProject
Global
	GlobalSection(SolutionConfigurationPlatforms) = preSolution
		Debug|Any CPU = Debug|Any CPU
		Release|Any CPU = Release|Any CPU
	EndGlobalSection
	GlobalSection(ProjectConfigurationPlatforms) = postSolution
		{A1E4E4DF-0967-4096-9E3C-FBC29B7D07DD}.Debug|Any CPU.ActiveCfg = Debug|Any CPU
		{A1E4E4DF-0967-4096-9E3C-FBC29B7D07DD}.Debug|Any CPU.Build.0 = Debug|Any CPU
		{A1E4E4DF-0967-4096-9E3C-FBC29B7D07DD}.Release|Any CPU.ActiveCfg = Release|Any CPU
		{A1E4E4DF-0967-4096-9E3C-FBC29B7D07DD}.Release|Any CPU.Build.0 = Release|Any CPU
		{9F11A047-F763-4D7D-88C3-87D70B6CE70A}.Debug|Any CPU.ActiveCfg = Debug|Any CPU
		{9F11A047-F763-4D7D-88C3-87D70B6CE70A}.Debug|Any CPU.Build.0 = Debug|Any CPU
		{9F11A047-F763-4D7D-88C3-87D70B6CE70A}.Release|Any CPU.ActiveCfg = Release|Any CPU
		{9F11A047-F763-4D7D-88C3-87D70B6CE70A}.Release|Any CPU.Build.0 = Release|Any CPU
	EndGlobalSection
EndGlobal
